
Microsoft Visual Studio Solution File, Format Version 12.00
# Visual Studio Version 17
VisualStudioVersion = 17.6.33717.318
MinimumVisualStudioVersion = 10.0.40219.1
Project("{9A19103F-16F7-4668-BE54-9A1E7A4F7556}") = "VacaYAY.Web", "VacaYAY.Web\VacaYAY.Web.csproj", "{5447D225-8782-4AE0-A506-828D167B2795}"
EndProject
Project("{9A19103F-16F7-4668-BE54-9A1E7A4F7556}") = "VacaYAY.Data", "VacaYAY.Data\VacaYAY.Data.csproj", "{26EC1F38-1814-4A3B-9542-DC31333C718D}"
EndProject
Project("{9A19103F-16F7-4668-BE54-9A1E7A4F7556}") = "VacaYAY.Business", "VacaYAY.Business\VacaYAY.Business.csproj", "{4251D169-51C0-46A7-A35C-2F2F30505916}"
EndProject
Project("{FAE04EC0-301F-11D3-BF4B-00C04F79EFBC}") = "VacaYAY.API", "VacaYAY.API\VacaYAY.API.csproj", "{44B7DFE4-008D-4891-9230-F9D11E1CD279}"
EndProject
Global
	GlobalSection(SolutionConfigurationPlatforms) = preSolution
		Debug|Any CPU = Debug|Any CPU
		Release|Any CPU = Release|Any CPU
	EndGlobalSection
	GlobalSection(ProjectConfigurationPlatforms) = postSolution
		{5447D225-8782-4AE0-A506-828D167B2795}.Debug|Any CPU.ActiveCfg = Debug|Any CPU
		{5447D225-8782-4AE0-A506-828D167B2795}.Debug|Any CPU.Build.0 = Debug|Any CPU
		{5447D225-8782-4AE0-A506-828D167B2795}.Release|Any CPU.ActiveCfg = Release|Any CPU
		{5447D225-8782-4AE0-A506-828D167B2795}.Release|Any CPU.Build.0 = Release|Any CPU
		{26EC1F38-1814-4A3B-9542-DC31333C718D}.Debug|Any CPU.ActiveCfg = Debug|Any CPU
		{26EC1F38-1814-4A3B-9542-DC31333C718D}.Debug|Any CPU.Build.0 = Debug|Any CPU
		{26EC1F38-1814-4A3B-9542-DC31333C718D}.Release|Any CPU.ActiveCfg = Release|Any CPU
		{26EC1F38-1814-4A3B-9542-DC31333C718D}.Release|Any CPU.Build.0 = Release|Any CPU
		{4251D169-51C0-46A7-A35C-2F2F30505916}.Debug|Any CPU.ActiveCfg = Debug|Any CPU
		{4251D169-51C0-46A7-A35C-2F2F30505916}.Debug|Any CPU.Build.0 = Debug|Any CPU
		{4251D169-51C0-46A7-A35C-2F2F30505916}.Release|Any CPU.ActiveCfg = Release|Any CPU
		{4251D169-51C0-46A7-A35C-2F2F30505916}.Release|Any CPU.Build.0 = Release|Any CPU
		{44B7DFE4-008D-4891-9230-F9D11E1CD279}.Debug|Any CPU.ActiveCfg = Debug|Any CPU
		{44B7DFE4-008D-4891-9230-F9D11E1CD279}.Debug|Any CPU.Build.0 = Debug|Any CPU
		{44B7DFE4-008D-4891-9230-F9D11E1CD279}.Release|Any CPU.ActiveCfg = Release|Any CPU
		{44B7DFE4-008D-4891-9230-F9D11E1CD279}.Release|Any CPU.Build.0 = Release|Any CPU
	EndGlobalSection
	GlobalSection(SolutionProperties) = preSolution
		HideSolutionNode = FALSE
	EndGlobalSection
	GlobalSection(ExtensibilityGlobals) = postSolution
		SolutionGuid = {EBD21925-FAB1-47B5-ADA4-FDA96B113266}
	EndGlobalSection
EndGlobal
